
Microsoft Visual Studio Solution File, Format Version 12.00
# Visual Studio Version 17
VisualStudioVersion = 17.3.32804.467
MinimumVisualStudioVersion = 10.0.40219.1
Project("{FAE04EC0-301F-11D3-BF4B-00C04F79EFBC}") = "InventoryDataManagement", "InventoryDataManagement\InventoryDataManagement.csproj", "{AACB737F-2CB6-4EE5-B742-F1AFBB0F249E}"
EndProject
Global
	GlobalSection(SolutionConfigurationPlatforms) = preSolution
		Debug|Any CPU = Debug|Any CPU
		Release|Any CPU = Release|Any CPU
	EndGlobalSection
	GlobalSection(ProjectConfigurationPlatforms) = postSolution
		{AACB737F-2CB6-4EE5-B742-F1AFBB0F249E}.Debug|Any CPU.ActiveCfg = Debug|Any CPU
		{AACB737F-2CB6-4EE5-B742-F1AFBB0F249E}.Debug|Any CPU.Build.0 = Debug|Any CPU
		{AACB737F-2CB6-4EE5-B742-F1AFBB0F249E}.Release|Any CPU.ActiveCfg = Release|Any CPU
		{AACB737F-2CB6-4EE5-B742-F1AFBB0F249E}.Release|Any CPU.Build.0 = Release|Any CPU
	EndGlobalSection
	GlobalSection(SolutionProperties) = preSolution
		HideSolutionNode = FALSE
	EndGlobalSection
	GlobalSection(ExtensibilityGlobals) = postSolution
		SolutionGuid = {C215B990-6431-4F23-B899-B18E787E3799}
	EndGlobalSection
EndGlobal
